{
  "name": "git-github-training-project",
  "lockfileVersion": 2,
  "requires": true,
  "packages": {
    "": {
      "devDependencies": {
        "markdown-to-slides": "^1.0.5"
      }
    },
    "node_modules/markdown-to-slides": {
      "version": "1.0.5",
      "resolved": "https://registry.npmjs.org/markdown-to-slides/-/markdown-to-slides-1.0.5.tgz",
      "integrity": "sha1-Zpm9MaHPUYmrjgTC9NzYPB7xhfA=",
      "dev": true,
      "dependencies": {
        "marked": "^0.3.2",
        "marked-to-md": "1.0.x",
        "mustache": "2.1.x",
        "optimist": "~0.3.4",
        "remark": "git://github.com/gnab/remark.git#v0.13.0"
      },
      "bin": {
        "markdown-to-slides": "index.js"
      }
    },
    "node_modules/marked": {
      "version": "0.3.19",
      "resolved": "https://registry.npmjs.org/marked/-/marked-0.3.19.tgz",
      "integrity": "sha512-ea2eGWOqNxPcXv8dyERdSr/6FmzvWwzjMxpfGB/sbMccXoct+xY+YukPD+QTUZwyvK7BZwcr4m21WBOW41pAkg==",
      "dev": true,
      "bin": {
        "marked": "bin/marked"
      },
      "engines": {
        "node": ">=0.10.0"
      }
    },
    "node_modules/marked-to-md": {
      "version": "1.0.1",
      "resolved": "https://registry.npmjs.org/marked-to-md/-/marked-to-md-1.0.1.tgz",
      "integrity": "sha1-hkyssC8/CpJRDFOo1foeFKzQml8=",
      "dev": true
    },
    "node_modules/mustache": {
      "version": "2.1.3",
      "resolved": "https://registry.npmjs.org/mustache/-/mustache-2.1.3.tgz",
      "integrity": "sha1-JbkLQgSkVMiY6LsuONJt4iOrvVY=",
      "dev": true,
      "bin": {
        "mustache": "bin/mustache"
      },
      "engines": {
        "npm": ">=1.4.0"
      }
    },
    "node_modules/optimist": {
      "version": "0.3.7",
      "resolved": "https://registry.npmjs.org/optimist/-/optimist-0.3.7.tgz",
      "integrity": "sha1-yQlBrVnkJzMokjB00s8ufLxuwNk=",
      "dev": true,
      "dependencies": {
        "wordwrap": "~0.0.2"
      }
    },
    "node_modules/remark": {
      "version": "0.13.0",
      "resolved": "git+ssh://git@github.com/gnab/remark.git#a6fdde973b965c1e1a5e6d93645096f71f96a05b",
      "dev": true,
      "dependencies": {
        "marked": "0.3.1"
      }
    },
    "node_modules/remark/node_modules/marked": {
      "version": "0.3.1",
      "resolved": "https://registry.npmjs.org/marked/-/marked-0.3.1.tgz",
      "integrity": "sha1-FWo7gDzFTFkpDmA1S4O6qn1mwHQ=",
      "dev": true,
      "bin": {
        "marked": "bin/marked"
      }
    },
    "node_modules/wordwrap": {
      "version": "0.0.3",
      "resolved": "https://registry.npmjs.org/wordwrap/-/wordwrap-0.0.3.tgz",
      "integrity": "sha1-o9XabNXAvAAI03I0u68b7WMFkQc=",
      "dev": true,
      "engines": {
        "node": ">=0.4.0"
      }
    }
  },
  "dependencies": {
    "markdown-to-slides": {
      "version": "1.0.5",
      "resolved": "https://registry.npmjs.org/markdown-to-slides/-/markdown-to-slides-1.0.5.tgz",
      "integrity": "sha1-Zpm9MaHPUYmrjgTC9NzYPB7xhfA=",
      "dev": true,
      "requires": {
        "marked": "^0.3.2",
        "marked-to-md": "1.0.x",
        "mustache": "2.1.x",
        "optimist": "~0.3.4",
        "remark": "git://github.com/gnab/remark.git#v0.13.0"
      }
    },
    "marked": {
      "version": "0.3.19",
      "resolved": "https://registry.npmjs.org/marked/-/marked-0.3.19.tgz",
      "integrity": "sha512-ea2eGWOqNxPcXv8dyERdSr/6FmzvWwzjMxpfGB/sbMccXoct+xY+YukPD+QTUZwyvK7BZwcr4m21WBOW41pAkg==",
      "dev": true
    },
    "marked-to-md": {
      "version": "1.0.1",
      "resolved": "https://registry.npmjs.org/marked-to-md/-/marked-to-md-1.0.1.tgz",
      "integrity": "sha1-hkyssC8/CpJRDFOo1foeFKzQml8=",
      "dev": true
    },
    "mustache": {
      "version": "2.1.3",
      "resolved": "https://registry.npmjs.org/mustache/-/mustache-2.1.3.tgz",
      "integrity": "sha1-JbkLQgSkVMiY6LsuONJt4iOrvVY=",
      "dev": true
    },
    "optimist": {
      "version": "0.3.7",
      "resolved": "https://registry.npmjs.org/optimist/-/optimist-0.3.7.tgz",
      "integrity": "sha1-yQlBrVnkJzMokjB00s8ufLxuwNk=",
      "dev": true,
      "requires": {
        "wordwrap": "~0.0.2"
      }
    },
    "remark": {
      "version": "git+ssh://git@github.com/gnab/remark.git#a6fdde973b965c1e1a5e6d93645096f71f96a05b",
      "dev": true,
      "from": "remark@git://github.com/gnab/remark.git#v0.13.0",
      "requires": {
        "marked": "0.3.1"
      },
      "dependencies": {
        "marked": {
          "version": "0.3.1",
          "resolved": "https://registry.npmjs.org/marked/-/marked-0.3.1.tgz",
          "integrity": "sha1-FWo7gDzFTFkpDmA1S4O6qn1mwHQ=",
          "dev": true
        }
      }
    },
    "wordwrap": {
      "version": "0.0.3",
      "resolved": "https://registry.npmjs.org/wordwrap/-/wordwrap-0.0.3.tgz",
      "integrity": "sha1-o9XabNXAvAAI03I0u68b7WMFkQc=",
      "dev": true
    }
  }
}
